<?xml version="1.0" encoding="utf-8"?>
<Project ToolsVersion="4.0" xmlns="http://schemas.microsoft.com/developer/msbuild/2003">
  <ItemGroup>
    <Filter Include="Fichiers sources">
      <UniqueIdentifier>{4FC737F1-C7A5-4376-A066-2A32D752A2FF}</UniqueIdentifier>
      <Extensions>cpp;c;cc;cxx;c++;cppm;ixx;def;odl;idl;hpj;bat;asm;asmx</Extensions>
    </Filter>
    <Filter Include="Fichiers d%27en-tête">
      <UniqueIdentifier>{93995380-89BD-4b04-88EB-625FBE52EBFB}</UniqueIdentifier>
      <Extensions>h;hh;hpp;hxx;h++;hm;inl;inc;ipp;xsd</Extensions>
    </Filter>
    <Filter Include="Fichiers de ressources">
      <UniqueIdentifier>{67DA6AB6-F800-4c08-8B7A-83BB121AAD01}</UniqueIdentifier>
      <Extensions>rc;ico;cur;bmp;dlg;rc2;rct;bin;rgs;gif;jpg;jpeg;jpe;resx;tiff;tif;png;wav;mfcribbon-ms</Extensions>
    </Filter>
    <Filter Include="Fichiers de ressources\shaders">
      <UniqueIdentifier>{0674fd20-4545-45ce-ae6a-dddc9eae87a1}</UniqueIdentifier>
    </Filter>
    <Filter Include="Fichiers de ressources\shaders\TXT">
      <UniqueIdentifier>{0c1a9773-ce13-4f94-9784-5562ddb6c59f}</UniqueIdentifier>
    </Filter>
    <Filter Include="Fichiers de ressources\shaders\UI">
      <UniqueIdentifier>{8956ddaf-9ec3-4831-a2ab-df24c78345ee}</UniqueIdentifier>
    </Filter>
    <Filter Include="Fichiers de ressources\shaders\testing">
      <UniqueIdentifier>{7ec821b8-5e4d-4cff-856c-07f415560492}</UniqueIdentifier>
    </Filter>
    <Filter Include="Fichiers d%27en-tête\UNUSED">
      <UniqueIdentifier>{ceb7c7df-638c-4d68-aee9-e7af7ec26e8a}</UniqueIdentifier>
    </Filter>
    <Filter Include="Fichiers d%27en-tête\MISC">
      <UniqueIdentifier>{ed1d23b6-ef6c-4180-9dad-3dc963d5afd1}</UniqueIdentifier>
    </Filter>
    <Filter Include="Fichiers d%27en-tête\Done">
      <UniqueIdentifier>{37ab25ea-219d-414b-b051-0a7a80ed9cc5}</UniqueIdentifier>
    </Filter>
    <Filter Include="Fichiers de ressources\shaders\3D">
      <UniqueIdentifier>{eb1430dc-d13c-4ab0-8b91-ba00e572945a}</UniqueIdentifier>
    </Filter>
  </ItemGroup>
  <ItemGroup>
    <ClCompile Include="src\glad.cpp">
      <Filter>Fichiers sources</Filter>
    </ClCompile>
    <ClCompile Include="src\camera.cpp">
      <Filter>Fichiers sources</Filter>
    </ClCompile>
    <ClCompile Include="src\layout.cpp">
      <Filter>Fichiers sources</Filter>
    </ClCompile>
    <ClCompile Include="src\mobject.cpp">
      <Filter>Fichiers sources</Filter>
    </ClCompile>
    <ClCompile Include="src\objImporter.cpp">
      <Filter>Fichiers sources</Filter>
    </ClCompile>
    <ClCompile Include="src\perlinNoise.cpp">
      <Filter>Fichiers sources</Filter>
    </ClCompile>
    <ClCompile Include="src\shader.cpp">
      <Filter>Fichiers sources</Filter>
    </ClCompile>
    <ClCompile Include="src\window.cpp">
      <Filter>Fichiers sources</Filter>
    </ClCompile>
    <ClCompile Include="src\Shenaniganing.cpp">
      <Filter>Fichiers sources</Filter>
    </ClCompile>
  </ItemGroup>
  <ItemGroup>
    <ClInclude Include="include\camera.hpp">
      <Filter>Fichiers d%27en-tête</Filter>
    </ClInclude>
    <ClInclude Include="include\constant.hpp">
      <Filter>Fichiers d%27en-tête</Filter>
    </ClInclude>
    <ClInclude Include="include\engine.hpp">
      <Filter>Fichiers d%27en-tête</Filter>
    </ClInclude>
    <ClInclude Include="include\layout.hpp">
      <Filter>Fichiers d%27en-tête</Filter>
    </ClInclude>
    <ClInclude Include="include\marchingCube.hpp">
      <Filter>Fichiers d%27en-tête</Filter>
    </ClInclude>
    <ClInclude Include="include\terrain.hpp">
      <Filter>Fichiers d%27en-tête</Filter>
    </ClInclude>
    <ClInclude Include="include\window.hpp">
      <Filter>Fichiers d%27en-tête</Filter>
    </ClInclude>
    <ClInclude Include="include\block.hpp">
      <Filter>Fichiers d%27en-tête\UNUSED</Filter>
    </ClInclude>
    <ClInclude Include="include\mobject.hpp">
      <Filter>Fichiers d%27en-tête\UNUSED</Filter>
    </ClInclude>
    <ClInclude Include="include\objImporter.hpp">
      <Filter>Fichiers d%27en-tête\UNUSED</Filter>
    </ClInclude>
    <ClInclude Include="include\ft2build.h">
      <Filter>Fichiers d%27en-tête\MISC</Filter>
    </ClInclude>
    <ClInclude Include="include\displays.hpp">
      <Filter>Fichiers d%27en-tête\MISC</Filter>
    </ClInclude>
    <ClInclude Include="include\stb_image.h">
      <Filter>Fichiers d%27en-tête\MISC</Filter>
    </ClInclude>
    <ClInclude Include="include\perlinNoise.hpp">
      <Filter>Fichiers d%27en-tête\Done</Filter>
    </ClInclude>
    <ClInclude Include="include\shader.hpp">
      <Filter>Fichiers d%27en-tête\Done</Filter>
    </ClInclude>
  </ItemGroup>
</Project>